{
    "name": "bchan",
    "lockfileVersion": 3,
    "requires": true,
    "packages": {
        "": {
            "name": "bchan",
            "workspaces": [
                "shared",
                "backend",
                "frontend"
            ]
        },
        "backend": {
            "name": "bchan-aggregator",
            "version": "1.0.0",
            "license": "ISC",
            "dependencies": {
                "@bchan/shared": "*",
                "@ethersphere/bee-js": "npm:@upcoming/bee-js@^13.1.3",
                "@hono/node-server": "^2.0.1",
                "cafe-utility": "^27.12.1",
                "hono": "^4.12.17"
            },
            "devDependencies": {
                "@types/node": "^22.13.1",
                "typescript": "^5.8.3"
            }
        },
        "backend/node_modules/@ethersphere/bee-js": {
            "name": "@upcoming/bee-js",
            "version": "13.1.3",
            "license": "BSD-3-Clause",
            "dependencies": {
                "@ethersphere/core-sdk": "^0.1.1",
                "cafe-utility": "^34.0.0",
                "debug": "^4.4.3",
                "isomorphic-ws": "^5.0.0",
                "semver": "^7.3.5",
                "ws": "^8.21.0",
                "zod": "^4.4.3"
            },
            "bin": {
                "bee-js-codemod": "dist/codemod/index.js"
            },
            "engines": {
                "bee": "2.8.1-7cf53193",
                "beeApiVersion": "8.1.0"
            }
        },
        "backend/node_modules/@ethersphere/bee-js/node_modules/cafe-utility": {
            "version": "34.0.0",
            "license": "MIT"
        },
        "backend/node_modules/@ethersphere/core-sdk": {
            "version": "0.1.1",
            "license": "BSD-3-Clause",
            "dependencies": {
                "@noble/curves": "^1.9.7",
                "@noble/hashes": "^1.8.0"
            },
            "engines": {
                "node": ">=22"
            }
        },
        "backend/node_modules/@hono/node-server": {
            "version": "2.0.1",
            "license": "MIT",
            "engines": {
                "node": ">=20"
            },
            "peerDependencies": {
                "hono": "^4"
            }
        },
        "backend/node_modules/@noble/curves": {
            "version": "1.9.7",
            "license": "MIT",
            "dependencies": {
                "@noble/hashes": "1.8.0"
            },
            "engines": {
                "node": "^14.21.3 || >=16"
            },
            "funding": {
                "url": "https://paulmillr.com/funding/"
            }
        },
        "backend/node_modules/@noble/hashes": {
            "version": "1.8.0",
            "license": "MIT",
            "engines": {
                "node": "^14.21.3 || >=16"
            },
            "funding": {
                "url": "https://paulmillr.com/funding/"
            }
        },
        "backend/node_modules/@types/node": {
            "version": "22.13.1",
            "dev": true,
            "license": "MIT",
            "dependencies": {
                "undici-types": "~6.20.0"
            }
        },
        "backend/node_modules/cafe-utility": {
            "version": "27.18.0",
            "license": "MIT"
        },
        "backend/node_modules/debug": {
            "version": "4.4.3",
            "license": "MIT",
            "dependencies": {
                "ms": "^2.1.3"
            },
            "engines": {
                "node": ">=6.0"
            },
            "peerDependenciesMeta": {
                "supports-color": {
                    "optional": true
                }
            }
        },
        "backend/node_modules/hono": {
            "version": "4.12.17",
            "license": "MIT",
            "engines": {
                "node": ">=16.9.0"
            }
        },
        "backend/node_modules/isomorphic-ws": {
            "version": "5.0.0",
            "license": "MIT",
            "peerDependencies": {
                "ws": "*"
            }
        },
        "backend/node_modules/ms": {
            "version": "2.1.3",
            "license": "MIT"
        },
        "backend/node_modules/semver": {
            "version": "7.7.1",
            "license": "ISC",
            "bin": {
                "semver": "bin/semver.js"
            },
            "engines": {
                "node": ">=10"
            }
        },
        "backend/node_modules/undici-types": {
            "version": "6.20.0",
            "dev": true,
            "license": "MIT"
        },
        "backend/node_modules/ws": {
            "version": "8.21.3",
            "license": "MIT",
            "engines": {
                "node": ">=10.0.0"
            },
            "peerDependencies": {
                "bufferutil": "^4.0.1",
                "utf-8-validate": ">=5.0.2"
            },
            "peerDependenciesMeta": {
                "bufferutil": {
                    "optional": true
                },
                "utf-8-validate": {
                    "optional": true
                }
            }
        },
        "backend/node_modules/zod": {
            "version": "4.5.4",
            "license": "MIT",
            "funding": {
                "url": "https://github.com/sponsors/colinhacks"
            }
        },
        "frontend": {
            "name": "swarm-social-frontend",
            "version": "1.0.0",
            "license": "ISC",
            "dependencies": {
                "@bchan/shared": "*",
                "@dicebear/collection": "^9.2.2",
                "@dicebear/core": "^9.2.2",
                "@ethersphere/bee-js": "npm:@upcoming/bee-js@^13.1.3",
                "cafe-utility": "^27.14.1",
                "react": "^19.0.0",
                "react-dom": "^19.0.0",
                "react-router-dom": "^7.6.1"
            },
            "devDependencies": {
                "@types/react": "^19.0.8",
                "@types/react-dom": "^19.0.3",
                "typescript": "^6.0.3",
                "vite": "^6.0.11"
            }
        },
        "frontend/node_modules/@dicebear/adventurer": {
            "version": "9.4.2",
            "license": "(MIT AND CC-BY-4.0)",
            "engines": {
                "node": ">=18.0.0"
            },
            "peerDependencies": {
                "@dicebear/core": "^9.0.0"
            }
        },
        "frontend/node_modules/@dicebear/adventurer-neutral": {
            "version": "9.4.2",
            "license": "(MIT AND CC-BY-4.0)",
            "engines": {
                "node": ">=18.0.0"
            },
            "peerDependencies": {
                "@dicebear/core": "^9.0.0"
            }
        },
        "frontend/node_modules/@dicebear/avataaars": {
            "version": "9.4.2",
            "license": "See LICENSE file",
            "engines": {
                "node": ">=18.0.0"
            },
            "peerDependencies": {
                "@dicebear/core": "^9.0.0"
            }
        },
        "frontend/node_modules/@dicebear/avataaars-neutral": {
            "version": "9.4.2",
            "license": "See LICENSE file",
            "engines": {
                "node": ">=18.0.0"
            },
            "peerDependencies": {
                "@dicebear/core": "^9.0.0"
            }
        },
        "frontend/node_modules/@dicebear/big-ears": {
            "version": "9.4.2",
            "license": "(MIT AND CC-BY-4.0)",
            "engines": {
                "node": ">=18.0.0"
            },
            "peerDependencies": {
                "@dicebear/core": "^9.0.0"
            }
        },
        "frontend/node_modules/@dicebear/big-ears-neutral": {
            "version": "9.4.2",
            "license": "(MIT AND CC-BY-4.0)",
            "engines": {
                "node": ">=18.0.0"
            },
            "peerDependencies": {
                "@dicebear/core": "^9.0.0"
            }
        },
        "frontend/node_modules/@dicebear/big-smile": {
            "version": "9.4.2",
            "license": "(MIT AND CC-BY-4.0)",
            "engines": {
                "node": ">=18.0.0"
            },
            "peerDependencies": {
                "@dicebear/core": "^9.0.0"
            }
        },
        "frontend/node_modules/@dicebear/bottts": {
            "version": "9.4.2",
            "license": "See LICENSE file",
            "engines": {
                "node": ">=18.0.0"
            },
            "peerDependencies": {
                "@dicebear/core": "^9.0.0"
            }
        },
        "frontend/node_modules/@dicebear/bottts-neutral": {
            "version": "9.4.2",
            "license": "See LICENSE file",
            "engines": {
                "node": ">=18.0.0"
            },
            "peerDependencies": {
                "@dicebear/core": "^9.0.0"
            }
        },
        "frontend/node_modules/@dicebear/collection": {
            "version": "9.4.2",
            "license": "MIT",
            "dependencies": {
                "@dicebear/adventurer": "9.4.2",
                "@dicebear/adventurer-neutral": "9.4.2",
                "@dicebear/avataaars": "9.4.2",
                "@dicebear/avataaars-neutral": "9.4.2",
                "@dicebear/big-ears": "9.4.2",
                "@dicebear/big-ears-neutral": "9.4.2",
                "@dicebear/big-smile": "9.4.2",
                "@dicebear/bottts": "9.4.2",
                "@dicebear/bottts-neutral": "9.4.2",
                "@dicebear/croodles": "9.4.2",
                "@dicebear/croodles-neutral": "9.4.2",
                "@dicebear/dylan": "9.4.2",
                "@dicebear/fun-emoji": "9.4.2",
                "@dicebear/glass": "9.4.2",
                "@dicebear/icons": "9.4.2",
                "@dicebear/identicon": "9.4.2",
                "@dicebear/initials": "9.4.2",
                "@dicebear/lorelei": "9.4.2",
                "@dicebear/lorelei-neutral": "9.4.2",
                "@dicebear/micah": "9.4.2",
                "@dicebear/miniavs": "9.4.2",
                "@dicebear/notionists": "9.4.2",
                "@dicebear/notionists-neutral": "9.4.2",
                "@dicebear/open-peeps": "9.4.2",
                "@dicebear/personas": "9.4.2",
                "@dicebear/pixel-art": "9.4.2",
                "@dicebear/pixel-art-neutral": "9.4.2",
                "@dicebear/rings": "9.4.2",
                "@dicebear/shapes": "9.4.2",
                "@dicebear/thumbs": "9.4.2",
                "@dicebear/toon-head": "9.4.2"
            },
            "engines": {
                "node": ">=18.0.0"
            },
            "peerDependencies": {
                "@dicebear/core": "^9.0.0"
            }
        },
        "frontend/node_modules/@dicebear/core": {
            "version": "9.4.2",
            "license": "MIT",
            "dependencies": {
                "@types/json-schema": "^7.0.15"
            },
            "engines": {
                "node": ">=18.0.0"
            }
        },
        "frontend/node_modules/@dicebear/croodles": {
            "version": "9.4.2",
            "license": "(MIT AND CC-BY-4.0)",
            "engines": {
                "node": ">=18.0.0"
            },
            "peerDependencies": {
                "@dicebear/core": "^9.0.0"
            }
        },
        "frontend/node_modules/@dicebear/croodles-neutral": {
            "version": "9.4.2",
            "license": "(MIT AND CC-BY-4.0)",
            "engines": {
                "node": ">=18.0.0"
            },
            "peerDependencies": {
                "@dicebear/core": "^9.0.0"
            }
        },
        "frontend/node_modules/@dicebear/dylan": {
            "version": "9.4.2",
            "license": "(MIT AND CC-BY-4.0)",
            "engines": {
                "node": ">=18.0.0"
            },
            "peerDependencies": {
                "@dicebear/core": "^9.0.0"
            }
        },
        "frontend/node_modules/@dicebear/fun-emoji": {
            "version": "9.4.2",
            "license": "(MIT AND CC-BY-4.0)",
            "engines": {
                "node": ">=18.0.0"
            },
            "peerDependencies": {
                "@dicebear/core": "^9.0.0"
            }
        },
        "frontend/node_modules/@dicebear/glass": {
            "version": "9.4.2",
            "license": "MIT",
            "engines": {
                "node": ">=18.0.0"
            },
            "peerDependencies": {
                "@dicebear/core": "^9.0.0"
            }
        },
        "frontend/node_modules/@dicebear/icons": {
            "version": "9.4.2",
            "license": "MIT",
            "engines": {
                "node": ">=18.0.0"
            },
            "peerDependencies": {
                "@dicebear/core": "^9.0.0"
            }
        },
        "frontend/node_modules/@dicebear/identicon": {
            "version": "9.4.2",
            "license": "MIT",
            "engines": {
                "node": ">=18.0.0"
            },
            "peerDependencies": {
                "@dicebear/core": "^9.0.0"
            }
        },
        "frontend/node_modules/@dicebear/initials": {
            "version": "9.4.2",
            "license": "MIT",
            "engines": {
                "node": ">=18.0.0"
            },
            "peerDependencies": {
                "@dicebear/core": "^9.0.0"
            }
        },
        "frontend/node_modules/@dicebear/lorelei": {
            "version": "9.4.2",
            "license": "MIT",
            "engines": {
                "node": ">=18.0.0"
            },
            "peerDependencies": {
                "@dicebear/core": "^9.0.0"
            }
        },
        "frontend/node_modules/@dicebear/lorelei-neutral": {
            "version": "9.4.2",
            "license": "MIT",
            "engines": {
                "node": ">=18.0.0"
            },
            "peerDependencies": {
                "@dicebear/core": "^9.0.0"
            }
        },
        "frontend/node_modules/@dicebear/micah": {
            "version": "9.4.2",
            "license": "(MIT AND CC-BY-4.0)",
            "engines": {
                "node": ">=18.0.0"
            },
            "peerDependencies": {
                "@dicebear/core": "^9.0.0"
            }
        },
        "frontend/node_modules/@dicebear/miniavs": {
            "version": "9.4.2",
            "license": "(MIT AND CC-BY-4.0)",
            "engines": {
                "node": ">=18.0.0"
            },
            "peerDependencies": {
                "@dicebear/core": "^9.0.0"
            }
        },
        "frontend/node_modules/@dicebear/notionists": {
            "version": "9.4.2",
            "license": "MIT",
            "engines": {
                "node": ">=18.0.0"
            },
            "peerDependencies": {
                "@dicebear/core": "^9.0.0"
            }
        },
        "frontend/node_modules/@dicebear/notionists-neutral": {
            "version": "9.4.2",
            "license": "MIT",
            "engines": {
                "node": ">=18.0.0"
            },
            "peerDependencies": {
                "@dicebear/core": "^9.0.0"
            }
        },
        "frontend/node_modules/@dicebear/open-peeps": {
            "version": "9.4.2",
            "license": "MIT",
            "engines": {
                "node": ">=18.0.0"
            },
            "peerDependencies": {
                "@dicebear/core": "^9.0.0"
            }
        },
        "frontend/node_modules/@dicebear/personas": {
            "version": "9.4.2",
            "license": "(MIT AND CC-BY-4.0)",
            "engines": {
                "node": ">=18.0.0"
            },
            "peerDependencies": {
                "@dicebear/core": "^9.0.0"
            }
        },
        "frontend/node_modules/@dicebear/pixel-art": {
            "version": "9.4.2",
            "license": "MIT",
            "engines": {
                "node": ">=18.0.0"
            },
            "peerDependencies": {
                "@dicebear/core": "^9.0.0"
            }
        },
        "frontend/node_modules/@dicebear/pixel-art-neutral": {
            "version": "9.4.2",
            "license": "MIT",
            "engines": {
                "node": ">=18.0.0"
            },
            "peerDependencies": {
                "@dicebear/core": "^9.0.0"
            }
        },
        "frontend/node_modules/@dicebear/rings": {
            "version": "9.4.2",
            "license": "MIT",
            "engines": {
                "node": ">=18.0.0"
            },
            "peerDependencies": {
                "@dicebear/core": "^9.0.0"
            }
        },
        "frontend/node_modules/@dicebear/shapes": {
            "version": "9.4.2",
            "license": "MIT",
            "engines": {
                "node": ">=18.0.0"
            },
            "peerDependencies": {
                "@dicebear/core": "^9.0.0"
            }
        },
        "frontend/node_modules/@dicebear/thumbs": {
            "version": "9.4.2",
            "license": "MIT",
            "engines": {
                "node": ">=18.0.0"
            },
            "peerDependencies": {
                "@dicebear/core": "^9.0.0"
            }
        },
        "frontend/node_modules/@dicebear/toon-head": {
            "version": "9.4.2",
            "license": "(MIT AND CC-BY-4.0)",
            "engines": {
                "node": ">=16.0.0"
            },
            "peerDependencies": {
                "@dicebear/core": "^9.0.0"
            }
        },
        "frontend/node_modules/@esbuild/darwin-arm64": {
            "version": "0.25.12",
            "cpu": [
                "arm64"
            ],
            "dev": true,
            "license": "MIT",
            "optional": true,
            "os": [
                "darwin"
            ],
            "engines": {
                "node": ">=18"
            }
        },
        "frontend/node_modules/@ethersphere/bee-js": {
            "name": "@upcoming/bee-js",
            "version": "13.1.3",
            "license": "BSD-3-Clause",
            "dependencies": {
                "@ethersphere/core-sdk": "^0.1.1",
                "cafe-utility": "^34.0.0",
                "debug": "^4.4.3",
                "isomorphic-ws": "^5.0.0",
                "semver": "^7.3.5",
                "ws": "^8.21.0",
                "zod": "^4.4.3"
            },
            "bin": {
                "bee-js-codemod": "dist/codemod/index.js"
            },
            "engines": {
                "bee": "2.8.1-7cf53193",
                "beeApiVersion": "8.1.0"
            }
        },
        "frontend/node_modules/@ethersphere/bee-js/node_modules/cafe-utility": {
            "version": "34.0.0",
            "license": "MIT"
        },
        "frontend/node_modules/@ethersphere/core-sdk": {
            "version": "0.1.1",
            "license": "BSD-3-Clause",
            "dependencies": {
                "@noble/curves": "^1.9.7",
                "@noble/hashes": "^1.8.0"
            },
            "engines": {
                "node": ">=22"
            }
        },
        "frontend/node_modules/@noble/curves": {
            "version": "1.9.7",
            "license": "MIT",
            "dependencies": {
                "@noble/hashes": "1.8.0"
            },
            "engines": {
                "node": "^14.21.3 || >=16"
            },
            "funding": {
                "url": "https://paulmillr.com/funding/"
            }
        },
        "frontend/node_modules/@noble/hashes": {
            "version": "1.8.0",
            "license": "MIT",
            "engines": {
                "node": "^14.21.3 || >=16"
            },
            "funding": {
                "url": "https://paulmillr.com/funding/"
            }
        },
        "frontend/node_modules/@rollup/rollup-darwin-arm64": {
            "version": "4.60.3",
            "cpu": [
                "arm64"
            ],
            "dev": true,
            "license": "MIT",
            "optional": true,
            "os": [
                "darwin"
            ]
        },
        "frontend/node_modules/@types/estree": {
            "version": "1.0.8",
            "dev": true,
            "license": "MIT"
        },
        "frontend/node_modules/@types/json-schema": {
            "version": "7.0.15",
            "license": "MIT"
        },
        "frontend/node_modules/@types/react": {
            "version": "19.0.8",
            "dev": true,
            "license": "MIT",
            "dependencies": {
                "csstype": "^3.0.2"
            }
        },
        "frontend/node_modules/@types/react-dom": {
            "version": "19.0.3",
            "dev": true,
            "license": "MIT",
            "peerDependencies": {
                "@types/react": "^19.0.0"
            }
        },
        "frontend/node_modules/cafe-utility": {
            "version": "27.18.0",
            "license": "MIT"
        },
        "frontend/node_modules/cookie": {
            "version": "1.1.1",
            "license": "MIT",
            "engines": {
                "node": ">=18"
            },
            "funding": {
                "type": "opencollective",
                "url": "https://opencollective.com/express"
            }
        },
        "frontend/node_modules/csstype": {
            "version": "3.1.3",
            "dev": true,
            "license": "MIT"
        },
        "frontend/node_modules/debug": {
            "version": "4.4.3",
            "license": "MIT",
            "dependencies": {
                "ms": "^2.1.3"
            },
            "engines": {
                "node": ">=6.0"
            },
            "peerDependenciesMeta": {
                "supports-color": {
                    "optional": true
                }
            }
        },
        "frontend/node_modules/esbuild": {
            "version": "0.25.12",
            "dev": true,
            "hasInstallScript": true,
            "license": "MIT",
            "bin": {
                "esbuild": "bin/esbuild"
            },
            "engines": {
                "node": ">=18"
            },
            "optionalDependencies": {
                "@esbuild/aix-ppc64": "0.25.12",
                "@esbuild/android-arm": "0.25.12",
                "@esbuild/android-arm64": "0.25.12",
                "@esbuild/android-x64": "0.25.12",
                "@esbuild/darwin-arm64": "0.25.12",
                "@esbuild/darwin-x64": "0.25.12",
                "@esbuild/freebsd-arm64": "0.25.12",
                "@esbuild/freebsd-x64": "0.25.12",
                "@esbuild/linux-arm": "0.25.12",
                "@esbuild/linux-arm64": "0.25.12",
                "@esbuild/linux-ia32": "0.25.12",
                "@esbuild/linux-loong64": "0.25.12",
                "@esbuild/linux-mips64el": "0.25.12",
                "@esbuild/linux-ppc64": "0.25.12",
                "@esbuild/linux-riscv64": "0.25.12",
                "@esbuild/linux-s390x": "0.25.12",
                "@esbuild/linux-x64": "0.25.12",
                "@esbuild/netbsd-arm64": "0.25.12",
                "@esbuild/netbsd-x64": "0.25.12",
                "@esbuild/openbsd-arm64": "0.25.12",
                "@esbuild/openbsd-x64": "0.25.12",
                "@esbuild/openharmony-arm64": "0.25.12",
                "@esbuild/sunos-x64": "0.25.12",
                "@esbuild/win32-arm64": "0.25.12",
                "@esbuild/win32-ia32": "0.25.12",
                "@esbuild/win32-x64": "0.25.12"
            }
        },
        "frontend/node_modules/fdir": {
            "version": "6.5.0",
            "dev": true,
            "license": "MIT",
            "engines": {
                "node": ">=12.0.0"
            },
            "peerDependencies": {
                "picomatch": "^3 || ^4"
            },
            "peerDependenciesMeta": {
                "picomatch": {
                    "optional": true
                }
            }
        },
        "frontend/node_modules/fsevents": {
            "version": "2.3.3",
            "dev": true,
            "license": "MIT",
            "optional": true,
            "os": [
                "darwin"
            ],
            "engines": {
                "node": "^8.16.0 || ^10.6.0 || >=11.0.0"
            }
        },
        "frontend/node_modules/isomorphic-ws": {
            "version": "5.0.0",
            "license": "MIT",
            "peerDependencies": {
                "ws": "*"
            }
        },
        "frontend/node_modules/ms": {
            "version": "2.1.3",
            "license": "MIT"
        },
        "frontend/node_modules/nanoid": {
            "version": "3.3.12",
            "dev": true,
            "funding": [
                {
                    "type": "github",
                    "url": "https://github.com/sponsors/ai"
                }
            ],
            "license": "MIT",
            "bin": {
                "nanoid": "bin/nanoid.cjs"
            },
            "engines": {
                "node": "^10 || ^12 || ^13.7 || ^14 || >=15.0.1"
            }
        },
        "frontend/node_modules/picocolors": {
            "version": "1.1.1",
            "dev": true,
            "license": "ISC"
        },
        "frontend/node_modules/picomatch": {
            "version": "4.0.4",
            "dev": true,
            "license": "MIT",
            "engines": {
                "node": ">=12"
            },
            "funding": {
                "url": "https://github.com/sponsors/jonschlinkert"
            }
        },
        "frontend/node_modules/postcss": {
            "version": "8.5.14",
            "dev": true,
            "funding": [
                {
                    "type": "opencollective",
                    "url": "https://opencollective.com/postcss/"
                },
                {
                    "type": "tidelift",
                    "url": "https://tidelift.com/funding/github/npm/postcss"
                },
                {
                    "type": "github",
                    "url": "https://github.com/sponsors/ai"
                }
            ],
            "license": "MIT",
            "dependencies": {
                "nanoid": "^3.3.11",
                "picocolors": "^1.1.1",
                "source-map-js": "^1.2.1"
            },
            "engines": {
                "node": "^10 || ^12 || >=14"
            }
        },
        "frontend/node_modules/react": {
            "version": "19.0.0",
            "license": "MIT",
            "engines": {
                "node": ">=0.10.0"
            }
        },
        "frontend/node_modules/react-dom": {
            "version": "19.0.0",
            "license": "MIT",
            "dependencies": {
                "scheduler": "^0.25.0"
            },
            "peerDependencies": {
                "react": "^19.0.0"
            }
        },
        "frontend/node_modules/react-router": {
            "version": "7.15.0",
            "license": "MIT",
            "dependencies": {
                "cookie": "^1.0.1",
                "set-cookie-parser": "^2.6.0"
            },
            "engines": {
                "node": ">=20.0.0"
            },
            "peerDependencies": {
                "react": ">=18",
                "react-dom": ">=18"
            },
            "peerDependenciesMeta": {
                "react-dom": {
                    "optional": true
                }
            }
        },
        "frontend/node_modules/react-router-dom": {
            "version": "7.15.0",
            "license": "MIT",
            "dependencies": {
                "react-router": "7.15.0"
            },
            "engines": {
                "node": ">=20.0.0"
            },
            "peerDependencies": {
                "react": ">=18",
                "react-dom": ">=18"
            }
        },
        "frontend/node_modules/rollup": {
            "version": "4.60.3",
            "dev": true,
            "license": "MIT",
            "dependencies": {
                "@types/estree": "1.0.8"
            },
            "bin": {
                "rollup": "dist/bin/rollup"
            },
            "engines": {
                "node": ">=18.0.0",
                "npm": ">=8.0.0"
            },
            "optionalDependencies": {
                "@rollup/rollup-android-arm-eabi": "4.60.3",
                "@rollup/rollup-android-arm64": "4.60.3",
                "@rollup/rollup-darwin-arm64": "4.60.3",
                "@rollup/rollup-darwin-x64": "4.60.3",
                "@rollup/rollup-freebsd-arm64": "4.60.3",
                "@rollup/rollup-freebsd-x64": "4.60.3",
                "@rollup/rollup-linux-arm-gnueabihf": "4.60.3",
                "@rollup/rollup-linux-arm-musleabihf": "4.60.3",
                "@rollup/rollup-linux-arm64-gnu": "4.60.3",
                "@rollup/rollup-linux-arm64-musl": "4.60.3",
                "@rollup/rollup-linux-loong64-gnu": "4.60.3",
                "@rollup/rollup-linux-loong64-musl": "4.60.3",
                "@rollup/rollup-linux-ppc64-gnu": "4.60.3",
                "@rollup/rollup-linux-ppc64-musl": "4.60.3",
                "@rollup/rollup-linux-riscv64-gnu": "4.60.3",
                "@rollup/rollup-linux-riscv64-musl": "4.60.3",
                "@rollup/rollup-linux-s390x-gnu": "4.60.3",
                "@rollup/rollup-linux-x64-gnu": "4.60.3",
                "@rollup/rollup-linux-x64-musl": "4.60.3",
                "@rollup/rollup-openbsd-x64": "4.60.3",
                "@rollup/rollup-openharmony-arm64": "4.60.3",
                "@rollup/rollup-win32-arm64-msvc": "4.60.3",
                "@rollup/rollup-win32-ia32-msvc": "4.60.3",
                "@rollup/rollup-win32-x64-gnu": "4.60.3",
                "@rollup/rollup-win32-x64-msvc": "4.60.3",
                "fsevents": "~2.3.2"
            }
        },
        "frontend/node_modules/scheduler": {
            "version": "0.25.0",
            "license": "MIT"
        },
        "frontend/node_modules/semver": {
            "version": "7.7.1",
            "license": "ISC",
            "bin": {
                "semver": "bin/semver.js"
            },
            "engines": {
                "node": ">=10"
            }
        },
        "frontend/node_modules/set-cookie-parser": {
            "version": "2.7.2",
            "license": "MIT"
        },
        "frontend/node_modules/source-map-js": {
            "version": "1.2.1",
            "dev": true,
            "license": "BSD-3-Clause",
            "engines": {
                "node": ">=0.10.0"
            }
        },
        "frontend/node_modules/tinyglobby": {
            "version": "0.2.16",
            "dev": true,
            "license": "MIT",
            "dependencies": {
                "fdir": "^6.5.0",
                "picomatch": "^4.0.4"
            },
            "engines": {
                "node": ">=12.0.0"
            },
            "funding": {
                "url": "https://github.com/sponsors/SuperchupuDev"
            }
        },
        "frontend/node_modules/typescript": {
            "version": "6.0.3",
            "dev": true,
            "license": "Apache-2.0",
            "bin": {
                "tsc": "bin/tsc",
                "tsserver": "bin/tsserver"
            },
            "engines": {
                "node": ">=14.17"
            }
        },
        "frontend/node_modules/vite": {
            "version": "6.4.2",
            "dev": true,
            "license": "MIT",
            "dependencies": {
                "esbuild": "^0.25.0",
                "fdir": "^6.4.4",
                "picomatch": "^4.0.2",
                "postcss": "^8.5.3",
                "rollup": "^4.34.9",
                "tinyglobby": "^0.2.13"
            },
            "bin": {
                "vite": "bin/vite.js"
            },
            "engines": {
                "node": "^18.0.0 || ^20.0.0 || >=22.0.0"
            },
            "funding": {
                "url": "https://github.com/vitejs/vite?sponsor=1"
            },
            "optionalDependencies": {
                "fsevents": "~2.3.3"
            },
            "peerDependencies": {
                "@types/node": "^18.0.0 || ^20.0.0 || >=22.0.0",
                "jiti": ">=1.21.0",
                "less": "*",
                "lightningcss": "^1.21.0",
                "sass": "*",
                "sass-embedded": "*",
                "stylus": "*",
                "sugarss": "*",
                "terser": "^5.16.0",
                "tsx": "^4.8.1",
                "yaml": "^2.4.2"
            },
            "peerDependenciesMeta": {
                "@types/node": {
                    "optional": true
                },
                "jiti": {
                    "optional": true
                },
                "less": {
                    "optional": true
                },
                "lightningcss": {
                    "optional": true
                },
                "sass": {
                    "optional": true
                },
                "sass-embedded": {
                    "optional": true
                },
                "stylus": {
                    "optional": true
                },
                "sugarss": {
                    "optional": true
                },
                "terser": {
                    "optional": true
                },
                "tsx": {
                    "optional": true
                },
                "yaml": {
                    "optional": true
                }
            }
        },
        "frontend/node_modules/ws": {
            "version": "8.21.3",
            "license": "MIT",
            "engines": {
                "node": ">=10.0.0"
            },
            "peerDependencies": {
                "bufferutil": "^4.0.1",
                "utf-8-validate": ">=5.0.2"
            },
            "peerDependenciesMeta": {
                "bufferutil": {
                    "optional": true
                },
                "utf-8-validate": {
                    "optional": true
                }
            }
        },
        "frontend/node_modules/zod": {
            "version": "4.5.4",
            "license": "MIT",
            "funding": {
                "url": "https://github.com/sponsors/colinhacks"
            }
        },
        "node_modules/@bchan/shared": {
            "resolved": "shared",
            "link": true
        },
        "node_modules/bchan-aggregator": {
            "resolved": "backend",
            "link": true
        },
        "node_modules/swarm-social-frontend": {
            "resolved": "frontend",
            "link": true
        },
        "node_modules/typescript": {
            "version": "5.9.3",
            "resolved": "https://registry.npmjs.org/typescript/-/typescript-5.9.3.tgz",
            "integrity": "sha512-jl1vZzPDinLr9eUt3J/t7V6FgNEw9QjvBPdysz9KfQDD41fQrC2Y4vKQdiaUpFT4bXlb1RHhLpp8wtm6M5TgSw==",
            "dev": true,
            "license": "Apache-2.0",
            "bin": {
                "tsc": "bin/tsc",
                "tsserver": "bin/tsserver"
            },
            "engines": {
                "node": ">=14.17"
            }
        },
        "shared": {
            "name": "@bchan/shared",
            "version": "1.0.0",
            "license": "ISC",
            "devDependencies": {
                "typescript": "^5.8.3"
            }
        }
    }
}
