{
    "name": "bchan-aggregator",
    "version": "1.0.0",
    "lockfileVersion": 3,
    "requires": true,
    "packages": {
        "": {
            "name": "bchan-aggregator",
            "version": "1.0.0",
            "license": "ISC",
            "dependencies": {
                "@ethersphere/bee-js": "npm:@upcoming/bee-js@^13.1.0",
                "@hono/node-server": "^2.0.1",
                "cafe-utility": "^27.12.1",
                "hono": "^4.12.17"
            },
            "devDependencies": {
                "@types/node": "^22.13.1",
                "typescript": "^5.8.3"
            }
        },
        "node_modules/@ethersphere/bee-js": {
            "name": "@upcoming/bee-js",
            "version": "13.1.0",
            "resolved": "https://registry.npmjs.org/@upcoming/bee-js/-/bee-js-13.1.0.tgz",
            "integrity": "sha512-2hFjyj66mjYtZ8AtUqN2a85ypPDoNhq6k9MPrq2hwIJSoWgavIFNdjSrVocKM4vsNZhpppHfZ/QjY1pfj8dJ8g==",
            "license": "BSD-3-Clause",
            "dependencies": {
                "@ethersphere/core-sdk": "^0.1.1",
                "cafe-utility": "^34.0.0",
                "debug": "^4.4.3",
                "isomorphic-ws": "^5.0.0",
                "semver": "^7.3.5",
                "ws": "^8.21.0",
                "zod": "^4.4.3"
            },
            "bin": {
                "bee-js-codemod": "dist/codemod/index.js"
            },
            "engines": {
                "bee": "2.8.1-7cf53193",
                "beeApiVersion": "8.1.0"
            }
        },
        "node_modules/@ethersphere/bee-js/node_modules/cafe-utility": {
            "version": "34.0.0",
            "resolved": "https://registry.npmjs.org/cafe-utility/-/cafe-utility-34.0.0.tgz",
            "integrity": "sha512-4gxiVyngFbRa1G10+DIDUjk/Qu8OMxgK5bnNXMj4y80Tc+RLdZlk+pE7scgediQS2cxn8L+3XauS8tE62EfsTg==",
            "license": "MIT"
        },
        "node_modules/@ethersphere/core-sdk": {
            "version": "0.1.1",
            "resolved": "https://registry.npmjs.org/@ethersphere/core-sdk/-/core-sdk-0.1.1.tgz",
            "integrity": "sha512-qnDZleD2YK3s5PN/tXc8LnEtzh6BdcPTBjv7baoKSPMQPLeZ9wN/9qH1Zr2FNwhMgAIhgsqV7fB65LlzQ/a7oQ==",
            "license": "BSD-3-Clause",
            "dependencies": {
                "@noble/curves": "^1.9.7",
                "@noble/hashes": "^1.8.0"
            },
            "engines": {
                "node": ">=22"
            }
        },
        "node_modules/@hono/node-server": {
            "version": "2.0.1",
            "resolved": "https://registry.npmjs.org/@hono/node-server/-/node-server-2.0.1.tgz",
            "integrity": "sha512-jI9yMDyFpqBeSighf/zlXnQG/nl9AyBc6aAgy4XtxJMyt/CNyJpvPfzDD+bCc2zAOmhhqtF6TnmIaY+xV4mIrw==",
            "license": "MIT",
            "engines": {
                "node": ">=20"
            },
            "peerDependencies": {
                "hono": "^4"
            }
        },
        "node_modules/@noble/curves": {
            "version": "1.9.7",
            "resolved": "https://registry.npmjs.org/@noble/curves/-/curves-1.9.7.tgz",
            "integrity": "sha512-gbKGcRUYIjA3/zCCNaWDciTMFI0dCkvou3TL8Zmy5Nc7sJ47a0jtOeZoTaMxkuqRo9cRhjOdZJXegxYE5FN/xw==",
            "license": "MIT",
            "dependencies": {
                "@noble/hashes": "1.8.0"
            },
            "engines": {
                "node": "^14.21.3 || >=16"
            },
            "funding": {
                "url": "https://paulmillr.com/funding/"
            }
        },
        "node_modules/@noble/hashes": {
            "version": "1.8.0",
            "resolved": "https://registry.npmjs.org/@noble/hashes/-/hashes-1.8.0.tgz",
            "integrity": "sha512-jCs9ldd7NwzpgXDIf6P3+NrHh9/sD6CQdxHyjQI+h/6rDNo88ypBxxz45UDuZHz9r3tNz7N/VInSVoVdtXEI4A==",
            "license": "MIT",
            "engines": {
                "node": "^14.21.3 || >=16"
            },
            "funding": {
                "url": "https://paulmillr.com/funding/"
            }
        },
        "node_modules/@types/node": {
            "version": "22.13.1",
            "resolved": "https://registry.npmjs.org/@types/node/-/node-22.13.1.tgz",
            "integrity": "sha512-jK8uzQlrvXqEU91UxiK5J7pKHyzgnI1Qnl0QDHIgVGuolJhRb9EEl28Cj9b3rGR8B2lhFCtvIm5os8lFnO/1Ew==",
            "dev": true,
            "license": "MIT",
            "dependencies": {
                "undici-types": "~6.20.0"
            }
        },
        "node_modules/cafe-utility": {
            "version": "27.18.0",
            "resolved": "https://registry.npmjs.org/cafe-utility/-/cafe-utility-27.18.0.tgz",
            "integrity": "sha512-aGcLjeOmy8mw5d0eDIB2SrvbRswRSCUIZFIlmhS1u7RXGeHLge+FmCV6AvEbTVbuNN2P9ZKJMbB8osJJOich8g==",
            "license": "MIT"
        },
        "node_modules/debug": {
            "version": "4.4.3",
            "resolved": "https://registry.npmjs.org/debug/-/debug-4.4.3.tgz",
            "integrity": "sha512-RGwwWnwQvkVfavKVt22FGLw+xYSdzARwm0ru6DhTVA3umU5hZc28V3kO4stgYryrTlLpuvgI9GiijltAjNbcqA==",
            "license": "MIT",
            "dependencies": {
                "ms": "^2.1.3"
            },
            "engines": {
                "node": ">=6.0"
            },
            "peerDependenciesMeta": {
                "supports-color": {
                    "optional": true
                }
            }
        },
        "node_modules/hono": {
            "version": "4.12.17",
            "resolved": "https://registry.npmjs.org/hono/-/hono-4.12.17.tgz",
            "integrity": "sha512-FbJJNb/XgX7YW0hX/V8w5oYLztKEsRLykCMZWt1WdLtsfjzMvmoqWBA4H4t5norinq8/rh20oiZYr+WSl4UzAQ==",
            "license": "MIT",
            "engines": {
                "node": ">=16.9.0"
            }
        },
        "node_modules/isomorphic-ws": {
            "version": "5.0.0",
            "resolved": "https://registry.npmjs.org/isomorphic-ws/-/isomorphic-ws-5.0.0.tgz",
            "integrity": "sha512-muId7Zzn9ywDsyXgTIafTry2sV3nySZeUDe6YedVd1Hvuuep5AsIlqK+XefWpYTyJG5e503F2xIuT2lcU6rCSw==",
            "license": "MIT",
            "peerDependencies": {
                "ws": "*"
            }
        },
        "node_modules/ms": {
            "version": "2.1.3",
            "resolved": "https://registry.npmjs.org/ms/-/ms-2.1.3.tgz",
            "integrity": "sha512-6FlzubTLZG3J2a/NVCAleEhjzq5oxgHyaCU9yYXvcLsvoVaHJq/s5xXI6/XXP6tz7R9xAOtHnSO/tXtF3WRTlA==",
            "license": "MIT"
        },
        "node_modules/semver": {
            "version": "7.7.1",
            "resolved": "https://registry.npmjs.org/semver/-/semver-7.7.1.tgz",
            "integrity": "sha512-hlq8tAfn0m/61p4BVRcPzIGr6LKiMwo4VM6dGi6pt4qcRkmNzTcWq6eCEjEh+qXjkMDvPlOFFSGwQjoEa6gyMA==",
            "license": "ISC",
            "bin": {
                "semver": "bin/semver.js"
            },
            "engines": {
                "node": ">=10"
            }
        },
        "node_modules/typescript": {
            "version": "5.8.3",
            "resolved": "https://registry.npmjs.org/typescript/-/typescript-5.8.3.tgz",
            "integrity": "sha512-p1diW6TqL9L07nNxvRMM7hMMw4c5XOo/1ibL4aAIGmSAt9slTE1Xgw5KWuof2uTOvCg9BY7ZRi+GaF+7sfgPeQ==",
            "dev": true,
            "license": "Apache-2.0",
            "bin": {
                "tsc": "bin/tsc",
                "tsserver": "bin/tsserver"
            },
            "engines": {
                "node": ">=14.17"
            }
        },
        "node_modules/undici-types": {
            "version": "6.20.0",
            "resolved": "https://registry.npmjs.org/undici-types/-/undici-types-6.20.0.tgz",
            "integrity": "sha512-Ny6QZ2Nju20vw1SRHe3d9jVu6gJ+4e3+MMpqu7pqE5HT6WsTSlce++GQmK5UXS8mzV8DSYHrQH+Xrf2jVcuKNg==",
            "dev": true,
            "license": "MIT"
        },
        "node_modules/ws": {
            "version": "8.21.3",
            "resolved": "https://registry.npmjs.org/ws/-/ws-8.21.3.tgz",
            "integrity": "sha512-201TZ/kPWxoPr/OKWjquZR1SWKXcvxdH+e1xrx89b3YbmzLMFCLfnaG1HFIgWzJOEWZ7MvpK++odZufgYR50Rw==",
            "license": "MIT",
            "engines": {
                "node": ">=10.0.0"
            },
            "peerDependencies": {
                "bufferutil": "^4.0.1",
                "utf-8-validate": ">=5.0.2"
            },
            "peerDependenciesMeta": {
                "bufferutil": {
                    "optional": true
                },
                "utf-8-validate": {
                    "optional": true
                }
            }
        },
        "node_modules/zod": {
            "version": "4.5.4",
            "resolved": "https://registry.npmjs.org/zod/-/zod-4.5.4.tgz",
            "integrity": "sha512-sC95tT5iHHH9gtpj6A81kh+NEaRAUFN+qlUPDUbRfOMvNf5QCBqsb3WgvnpVtK5Y+4UfA6KqufotuTvMGiTlsA==",
            "license": "MIT",
            "funding": {
                "url": "https://github.com/sponsors/colinhacks"
            }
        }
    }
}
